
Microsoft Visual Studio Solution File, Format Version 12.00
# Visual Studio Version 16
VisualStudioVersion = 16.0.29806.167
MinimumVisualStudioVersion = 10.0.40219.1
Project("{2150E333-8FDC-42A3-9474-1A3956D46DE8}") = "DotNet", "DotNet", "{516B80D9-73D8-4C93-A38F-E5953A2F6320}"
EndProject
Project("{2150E333-8FDC-42A3-9474-1A3956D46DE8}") = "DotNetCore", "DotNetCore", "{F11D8E8A-4696-4713-BEFB-A2E8BD466D6D}"
EndProject
Project("{FAE04EC0-301F-11D3-BF4B-00C04F79EFBC}") = "Bouyei.DbFactory", "DotNet\Bouyei.DbFactory\Bouyei.DbFactory.csproj", "{E7E05C1E-9623-4180-9EA1-AB851F6213D3}"
EndProject
Project("{FAE04EC0-301F-11D3-BF4B-00C04F79EFBC}") = "Bouyei.DbFactoryDemo", "DotNet\Bouyei.DbFactoryDemo\Bouyei.DbFactoryDemo.csproj", "{FCBA6F5A-D8F6-4636-95AF-E29C87271672}"
EndProject
Project("{FAE04EC0-301F-11D3-BF4B-00C04F79EFBC}") = "Bouyei.DbEntities", "DotNet\DbEntities\Bouyei.DbEntities.csproj", "{7DF8DDA5-D22E-442D-B9DA-623E2CC30D4A}"
EndProject
Project("{9A19103F-16F7-4668-BE54-9A1E7A4F7556}") = "Bouyei.DbFactoryCore", "DotNetCore\Bouyei.DbFactoryCore\Bouyei.DbFactoryCore.csproj", "{38605039-3EC3-441E-8148-B3547BFEDA5A}"
EndProject
Project("{9A19103F-16F7-4668-BE54-9A1E7A4F7556}") = "DotNetCoreDemo", "DotNetCore\DotNetCoreDemo\DotNetCoreDemo.csproj", "{4F2CA149-6C4A-41A7-8B09-E48AA7D9C181}"
EndProject
Project("{9A19103F-16F7-4668-BE54-9A1E7A4F7556}") = "DbEntity", "DotNetCore\DbEntity\DbEntity.csproj", "{8AFFCAA7-BC36-44CE-BAD7-E2F0347AD78A}"
EndProject
Project("{2150E333-8FDC-42A3-9474-1A3956D46DE8}") = "Solution Items", "Solution Items", "{ACD6CC98-B5E2-4EF0-B536-25C363A6D223}"
	ProjectSection(SolutionItems) = preProject
		readme.md = readme.md
	EndProjectSection
EndProject
Project("{2150E333-8FDC-42A3-9474-1A3956D46DE8}") = "DotNetStandard", "DotNetStandard", "{B7F42E8A-A2AE-4779-B9B3-6C93B5588CAF}"
EndProject
Project("{9A19103F-16F7-4668-BE54-9A1E7A4F7556}") = "Bystd.DbFactory", "DotNetStandard\Bystd.DbFactory\Bystd.DbFactory.csproj", "{F79580F5-D65B-4BCE-B5D4-BE11849E5DDD}"
EndProject
Project("{9A19103F-16F7-4668-BE54-9A1E7A4F7556}") = "Bystd.DbFactoryDemo", "DotNetStandard\Bystd.DbFactoryDemo\Bystd.DbFactoryDemo.csproj", "{7D6BE8F7-CC25-4A84-A5C8-AE00C6770CC1}"
EndProject
Global
	GlobalSection(SolutionConfigurationPlatforms) = preSolution
		Debug|Any CPU = Debug|Any CPU
		Debug|x64 = Debug|x64
		Debug|x86 = Debug|x86
		Release|Any CPU = Release|Any CPU
		Release|x64 = Release|x64
		Release|x86 = Release|x86
	EndGlobalSection
	GlobalSection(ProjectConfigurationPlatforms) = postSolution
		{E7E05C1E-9623-4180-9EA1-AB851F6213D3}.Debug|Any CPU.ActiveCfg = Debug|Any CPU
		{E7E05C1E-9623-4180-9EA1-AB851F6213D3}.Debug|Any CPU.Build.0 = Debug|Any CPU
		{E7E05C1E-9623-4180-9EA1-AB851F6213D3}.Debug|x64.ActiveCfg = Debug|x64
		{E7E05C1E-9623-4180-9EA1-AB851F6213D3}.Debug|x64.Build.0 = Debug|x64
		{E7E05C1E-9623-4180-9EA1-AB851F6213D3}.Debug|x86.ActiveCfg = Debug|x86
		{E7E05C1E-9623-4180-9EA1-AB851F6213D3}.Debug|x86.Build.0 = Debug|x86
		{E7E05C1E-9623-4180-9EA1-AB851F6213D3}.Release|Any CPU.ActiveCfg = Release|Any CPU
		{E7E05C1E-9623-4180-9EA1-AB851F6213D3}.Release|Any CPU.Build.0 = Release|Any CPU
		{E7E05C1E-9623-4180-9EA1-AB851F6213D3}.Release|x64.ActiveCfg = Release|x64
		{E7E05C1E-9623-4180-9EA1-AB851F6213D3}.Release|x64.Build.0 = Release|x64
		{E7E05C1E-9623-4180-9EA1-AB851F6213D3}.Release|x86.ActiveCfg = Release|x86
		{E7E05C1E-9623-4180-9EA1-AB851F6213D3}.Release|x86.Build.0 = Release|x86
		{FCBA6F5A-D8F6-4636-95AF-E29C87271672}.Debug|Any CPU.ActiveCfg = Debug|Any CPU
		{FCBA6F5A-D8F6-4636-95AF-E29C87271672}.Debug|Any CPU.Build.0 = Debug|Any CPU
		{FCBA6F5A-D8F6-4636-95AF-E29C87271672}.Debug|x64.ActiveCfg = Debug|x64
		{FCBA6F5A-D8F6-4636-95AF-E29C87271672}.Debug|x64.Build.0 = Debug|x64
		{FCBA6F5A-D8F6-4636-95AF-E29C87271672}.Debug|x86.ActiveCfg = Debug|x86
		{FCBA6F5A-D8F6-4636-95AF-E29C87271672}.Debug|x86.Build.0 = Debug|x86
		{FCBA6F5A-D8F6-4636-95AF-E29C87271672}.Release|Any CPU.ActiveCfg = Release|Any CPU
		{FCBA6F5A-D8F6-4636-95AF-E29C87271672}.Release|Any CPU.Build.0 = Release|Any CPU
		{FCBA6F5A-D8F6-4636-95AF-E29C87271672}.Release|x64.ActiveCfg = Release|x64
		{FCBA6F5A-D8F6-4636-95AF-E29C87271672}.Release|x64.Build.0 = Release|x64
		{FCBA6F5A-D8F6-4636-95AF-E29C87271672}.Release|x86.ActiveCfg = Release|x86
		{FCBA6F5A-D8F6-4636-95AF-E29C87271672}.Release|x86.Build.0 = Release|x86
		{7DF8DDA5-D22E-442D-B9DA-623E2CC30D4A}.Debug|Any CPU.ActiveCfg = Debug|Any CPU
		{7DF8DDA5-D22E-442D-B9DA-623E2CC30D4A}.Debug|Any CPU.Build.0 = Debug|Any CPU
		{7DF8DDA5-D22E-442D-B9DA-623E2CC30D4A}.Debug|x64.ActiveCfg = Debug|x64
		{7DF8DDA5-D22E-442D-B9DA-623E2CC30D4A}.Debug|x64.Build.0 = Debug|x64
		{7DF8DDA5-D22E-442D-B9DA-623E2CC30D4A}.Debug|x86.ActiveCfg = Debug|x86
		{7DF8DDA5-D22E-442D-B9DA-623E2CC30D4A}.Debug|x86.Build.0 = Debug|x86
		{7DF8DDA5-D22E-442D-B9DA-623E2CC30D4A}.Release|Any CPU.ActiveCfg = Release|Any CPU
		{7DF8DDA5-D22E-442D-B9DA-623E2CC30D4A}.Release|Any CPU.Build.0 = Release|Any CPU
		{7DF8DDA5-D22E-442D-B9DA-623E2CC30D4A}.Release|x64.ActiveCfg = Release|x64
		{7DF8DDA5-D22E-442D-B9DA-623E2CC30D4A}.Release|x64.Build.0 = Release|x64
		{7DF8DDA5-D22E-442D-B9DA-623E2CC30D4A}.Release|x86.ActiveCfg = Release|x86
		{7DF8DDA5-D22E-442D-B9DA-623E2CC30D4A}.Release|x86.Build.0 = Release|x86
		{38605039-3EC3-441E-8148-B3547BFEDA5A}.Debug|Any CPU.ActiveCfg = Debug|Any CPU
		{38605039-3EC3-441E-8148-B3547BFEDA5A}.Debug|Any CPU.Build.0 = Debug|Any CPU
		{38605039-3EC3-441E-8148-B3547BFEDA5A}.Debug|x64.ActiveCfg = Debug|Any CPU
		{38605039-3EC3-441E-8148-B3547BFEDA5A}.Debug|x64.Build.0 = Debug|Any CPU
		{38605039-3EC3-441E-8148-B3547BFEDA5A}.Debug|x86.ActiveCfg = Debug|Any CPU
		{38605039-3EC3-441E-8148-B3547BFEDA5A}.Debug|x86.Build.0 = Debug|Any CPU
		{38605039-3EC3-441E-8148-B3547BFEDA5A}.Release|Any CPU.ActiveCfg = Release|Any CPU
		{38605039-3EC3-441E-8148-B3547BFEDA5A}.Release|Any CPU.Build.0 = Release|Any CPU
		{38605039-3EC3-441E-8148-B3547BFEDA5A}.Release|x64.ActiveCfg = Release|Any CPU
		{38605039-3EC3-441E-8148-B3547BFEDA5A}.Release|x64.Build.0 = Release|Any CPU
		{38605039-3EC3-441E-8148-B3547BFEDA5A}.Release|x86.ActiveCfg = Release|Any CPU
		{38605039-3EC3-441E-8148-B3547BFEDA5A}.Release|x86.Build.0 = Release|Any CPU
		{4F2CA149-6C4A-41A7-8B09-E48AA7D9C181}.Debug|Any CPU.ActiveCfg = Debug|Any CPU
		{4F2CA149-6C4A-41A7-8B09-E48AA7D9C181}.Debug|Any CPU.Build.0 = Debug|Any CPU
		{4F2CA149-6C4A-41A7-8B09-E48AA7D9C181}.Debug|x64.ActiveCfg = Debug|Any CPU
		{4F2CA149-6C4A-41A7-8B09-E48AA7D9C181}.Debug|x64.Build.0 = Debug|Any CPU
		{4F2CA149-6C4A-41A7-8B09-E48AA7D9C181}.Debug|x86.ActiveCfg = Debug|Any CPU
		{4F2CA149-6C4A-41A7-8B09-E48AA7D9C181}.Debug|x86.Build.0 = Debug|Any CPU
		{4F2CA149-6C4A-41A7-8B09-E48AA7D9C181}.Release|Any CPU.ActiveCfg = Release|Any CPU
		{4F2CA149-6C4A-41A7-8B09-E48AA7D9C181}.Release|Any CPU.Build.0 = Release|Any CPU
		{4F2CA149-6C4A-41A7-8B09-E48AA7D9C181}.Release|x64.ActiveCfg = Release|Any CPU
		{4F2CA149-6C4A-41A7-8B09-E48AA7D9C181}.Release|x64.Build.0 = Release|Any CPU
		{4F2CA149-6C4A-41A7-8B09-E48AA7D9C181}.Release|x86.ActiveCfg = Release|Any CPU
		{4F2CA149-6C4A-41A7-8B09-E48AA7D9C181}.Release|x86.Build.0 = Release|Any CPU
		{8AFFCAA7-BC36-44CE-BAD7-E2F0347AD78A}.Debug|Any CPU.ActiveCfg = Debug|Any CPU
		{8AFFCAA7-BC36-44CE-BAD7-E2F0347AD78A}.Debug|Any CPU.Build.0 = Debug|Any CPU
		{8AFFCAA7-BC36-44CE-BAD7-E2F0347AD78A}.Debug|x64.ActiveCfg = Debug|Any CPU
		{8AFFCAA7-BC36-44CE-BAD7-E2F0347AD78A}.Debug|x64.Build.0 = Debug|Any CPU
		{8AFFCAA7-BC36-44CE-BAD7-E2F0347AD78A}.Debug|x86.ActiveCfg = Debug|Any CPU
		{8AFFCAA7-BC36-44CE-BAD7-E2F0347AD78A}.Debug|x86.Build.0 = Debug|Any CPU
		{8AFFCAA7-BC36-44CE-BAD7-E2F0347AD78A}.Release|Any CPU.ActiveCfg = Release|Any CPU
		{8AFFCAA7-BC36-44CE-BAD7-E2F0347AD78A}.Release|Any CPU.Build.0 = Release|Any CPU
		{8AFFCAA7-BC36-44CE-BAD7-E2F0347AD78A}.Release|x64.ActiveCfg = Release|Any CPU
		{8AFFCAA7-BC36-44CE-BAD7-E2F0347AD78A}.Release|x64.Build.0 = Release|Any CPU
		{8AFFCAA7-BC36-44CE-BAD7-E2F0347AD78A}.Release|x86.ActiveCfg = Release|Any CPU
		{8AFFCAA7-BC36-44CE-BAD7-E2F0347AD78A}.Release|x86.Build.0 = Release|Any CPU
		{F79580F5-D65B-4BCE-B5D4-BE11849E5DDD}.Debug|Any CPU.ActiveCfg = Debug|Any CPU
		{F79580F5-D65B-4BCE-B5D4-BE11849E5DDD}.Debug|Any CPU.Build.0 = Debug|Any CPU
		{F79580F5-D65B-4BCE-B5D4-BE11849E5DDD}.Debug|x64.ActiveCfg = Debug|Any CPU
		{F79580F5-D65B-4BCE-B5D4-BE11849E5DDD}.Debug|x64.Build.0 = Debug|Any CPU
		{F79580F5-D65B-4BCE-B5D4-BE11849E5DDD}.Debug|x86.ActiveCfg = Debug|Any CPU
		{F79580F5-D65B-4BCE-B5D4-BE11849E5DDD}.Debug|x86.Build.0 = Debug|Any CPU
		{F79580F5-D65B-4BCE-B5D4-BE11849E5DDD}.Release|Any CPU.ActiveCfg = Release|Any CPU
		{F79580F5-D65B-4BCE-B5D4-BE11849E5DDD}.Release|Any CPU.Build.0 = Release|Any CPU
		{F79580F5-D65B-4BCE-B5D4-BE11849E5DDD}.Release|x64.ActiveCfg = Release|Any CPU
		{F79580F5-D65B-4BCE-B5D4-BE11849E5DDD}.Release|x64.Build.0 = Release|Any CPU
		{F79580F5-D65B-4BCE-B5D4-BE11849E5DDD}.Release|x86.ActiveCfg = Release|Any CPU
		{F79580F5-D65B-4BCE-B5D4-BE11849E5DDD}.Release|x86.Build.0 = Release|Any CPU
		{7D6BE8F7-CC25-4A84-A5C8-AE00C6770CC1}.Debug|Any CPU.ActiveCfg = Debug|Any CPU
		{7D6BE8F7-CC25-4A84-A5C8-AE00C6770CC1}.Debug|Any CPU.Build.0 = Debug|Any CPU
		{7D6BE8F7-CC25-4A84-A5C8-AE00C6770CC1}.Debug|x64.ActiveCfg = Debug|Any CPU
		{7D6BE8F7-CC25-4A84-A5C8-AE00C6770CC1}.Debug|x64.Build.0 = Debug|Any CPU
		{7D6BE8F7-CC25-4A84-A5C8-AE00C6770CC1}.Debug|x86.ActiveCfg = Debug|Any CPU
		{7D6BE8F7-CC25-4A84-A5C8-AE00C6770CC1}.Debug|x86.Build.0 = Debug|Any CPU
		{7D6BE8F7-CC25-4A84-A5C8-AE00C6770CC1}.Release|Any CPU.ActiveCfg = Release|Any CPU
		{7D6BE8F7-CC25-4A84-A5C8-AE00C6770CC1}.Release|Any CPU.Build.0 = Release|Any CPU
		{7D6BE8F7-CC25-4A84-A5C8-AE00C6770CC1}.Release|x64.ActiveCfg = Release|Any CPU
		{7D6BE8F7-CC25-4A84-A5C8-AE00C6770CC1}.Release|x64.Build.0 = Release|Any CPU
		{7D6BE8F7-CC25-4A84-A5C8-AE00C6770CC1}.Release|x86.ActiveCfg = Release|Any CPU
		{7D6BE8F7-CC25-4A84-A5C8-AE00C6770CC1}.Release|x86.Build.0 = Release|Any CPU
	EndGlobalSection
	GlobalSection(SolutionProperties) = preSolution
		HideSolutionNode = FALSE
	EndGlobalSection
	GlobalSection(NestedProjects) = preSolution
		{E7E05C1E-9623-4180-9EA1-AB851F6213D3} = {516B80D9-73D8-4C93-A38F-E5953A2F6320}
		{FCBA6F5A-D8F6-4636-95AF-E29C87271672} = {516B80D9-73D8-4C93-A38F-E5953A2F6320}
		{7DF8DDA5-D22E-442D-B9DA-623E2CC30D4A} = {516B80D9-73D8-4C93-A38F-E5953A2F6320}
		{38605039-3EC3-441E-8148-B3547BFEDA5A} = {F11D8E8A-4696-4713-BEFB-A2E8BD466D6D}
		{4F2CA149-6C4A-41A7-8B09-E48AA7D9C181} = {F11D8E8A-4696-4713-BEFB-A2E8BD466D6D}
		{8AFFCAA7-BC36-44CE-BAD7-E2F0347AD78A} = {F11D8E8A-4696-4713-BEFB-A2E8BD466D6D}
		{F79580F5-D65B-4BCE-B5D4-BE11849E5DDD} = {B7F42E8A-A2AE-4779-B9B3-6C93B5588CAF}
		{7D6BE8F7-CC25-4A84-A5C8-AE00C6770CC1} = {B7F42E8A-A2AE-4779-B9B3-6C93B5588CAF}
	EndGlobalSection
	GlobalSection(ExtensibilityGlobals) = postSolution
		SolutionGuid = {2AE146CD-93DF-4989-B5D2-8D3CB0EC4971}
	EndGlobalSection
EndGlobal
